
Microsoft Visual Studio Solution File, Format Version 12.00
# Visual Studio Version 16
VisualStudioVersion = 16.0.31729.503
MinimumVisualStudioVersion = 10.0.40219.1
Project("{9A19103F-16F7-4668-BE54-9A1E7A4F7556}") = "ClassBoxData", "01. Class Box Data\ClassBoxData.csproj", "{140EE393-C464-4548-B15D-908E518298A2}"
EndProject
Project("{9A19103F-16F7-4668-BE54-9A1E7A4F7556}") = "ShoppingSpree", "ShoppingSpree\ShoppingSpree.csproj", "{5A98B8C9-4E0E-4999-8CCB-DF11DB460865}"
EndProject
Project("{FAE04EC0-301F-11D3-BF4B-00C04F79EFBC}") = "PizzaCalories", "PizzaCalories\PizzaCalories.csproj", "{897402A2-4A74-4025-B750-BC4D8B2060FE}"
EndProject
Global
	GlobalSection(SolutionConfigurationPlatforms) = preSolution
		Debug|Any CPU = Debug|Any CPU
		Release|Any CPU = Release|Any CPU
	EndGlobalSection
	GlobalSection(ProjectConfigurationPlatforms) = postSolution
		{140EE393-C464-4548-B15D-908E518298A2}.Debug|Any CPU.ActiveCfg = Debug|Any CPU
		{140EE393-C464-4548-B15D-908E518298A2}.Debug|Any CPU.Build.0 = Debug|Any CPU
		{140EE393-C464-4548-B15D-908E518298A2}.Release|Any CPU.ActiveCfg = Release|Any CPU
		{140EE393-C464-4548-B15D-908E518298A2}.Release|Any CPU.Build.0 = Release|Any CPU
		{5A98B8C9-4E0E-4999-8CCB-DF11DB460865}.Debug|Any CPU.ActiveCfg = Debug|Any CPU
		{5A98B8C9-4E0E-4999-8CCB-DF11DB460865}.Debug|Any CPU.Build.0 = Debug|Any CPU
		{5A98B8C9-4E0E-4999-8CCB-DF11DB460865}.Release|Any CPU.ActiveCfg = Release|Any CPU
		{5A98B8C9-4E0E-4999-8CCB-DF11DB460865}.Release|Any CPU.Build.0 = Release|Any CPU
		{897402A2-4A74-4025-B750-BC4D8B2060FE}.Debug|Any CPU.ActiveCfg = Debug|Any CPU
		{897402A2-4A74-4025-B750-BC4D8B2060FE}.Debug|Any CPU.Build.0 = Debug|Any CPU
		{897402A2-4A74-4025-B750-BC4D8B2060FE}.Release|Any CPU.ActiveCfg = Release|Any CPU
		{897402A2-4A74-4025-B750-BC4D8B2060FE}.Release|Any CPU.Build.0 = Release|Any CPU
	EndGlobalSection
	GlobalSection(SolutionProperties) = preSolution
		HideSolutionNode = FALSE
	EndGlobalSection
	GlobalSection(ExtensibilityGlobals) = postSolution
		SolutionGuid = {2658145A-89F6-467A-89E5-334518BE6668}
	EndGlobalSection
EndGlobal
