
Microsoft Visual Studio Solution File, Format Version 12.00
# Visual Studio Version 16
VisualStudioVersion = 16.0.31729.503
MinimumVisualStudioVersion = 10.0.40219.1
Project("{FAE04EC0-301F-11D3-BF4B-00C04F79EFBC}") = "Math Operations", "Polymorphism\Math Operations.csproj", "{8B5EFE53-407C-48EA-A30C-6E83A29E5654}"
EndProject
Project("{FAE04EC0-301F-11D3-BF4B-00C04F79EFBC}") = "Animals", "Animals\Animals.csproj", "{C80776F5-E3EE-4552-8A09-2930D7DFBA21}"
EndProject
Project("{FAE04EC0-301F-11D3-BF4B-00C04F79EFBC}") = "Shapes", "Shapes\Shapes.csproj", "{AC72C7A5-5B19-4DB5-802B-3DE1BE3A680B}"
EndProject
Global
	GlobalSection(SolutionConfigurationPlatforms) = preSolution
		Debug|Any CPU = Debug|Any CPU
		Release|Any CPU = Release|Any CPU
	EndGlobalSection
	GlobalSection(ProjectConfigurationPlatforms) = postSolution
		{8B5EFE53-407C-48EA-A30C-6E83A29E5654}.Debug|Any CPU.ActiveCfg = Debug|Any CPU
		{8B5EFE53-407C-48EA-A30C-6E83A29E5654}.Debug|Any CPU.Build.0 = Debug|Any CPU
		{8B5EFE53-407C-48EA-A30C-6E83A29E5654}.Release|Any CPU.ActiveCfg = Release|Any CPU
		{8B5EFE53-407C-48EA-A30C-6E83A29E5654}.Release|Any CPU.Build.0 = Release|Any CPU
		{C80776F5-E3EE-4552-8A09-2930D7DFBA21}.Debug|Any CPU.ActiveCfg = Debug|Any CPU
		{C80776F5-E3EE-4552-8A09-2930D7DFBA21}.Debug|Any CPU.Build.0 = Debug|Any CPU
		{C80776F5-E3EE-4552-8A09-2930D7DFBA21}.Release|Any CPU.ActiveCfg = Release|Any CPU
		{C80776F5-E3EE-4552-8A09-2930D7DFBA21}.Release|Any CPU.Build.0 = Release|Any CPU
		{AC72C7A5-5B19-4DB5-802B-3DE1BE3A680B}.Debug|Any CPU.ActiveCfg = Debug|Any CPU
		{AC72C7A5-5B19-4DB5-802B-3DE1BE3A680B}.Debug|Any CPU.Build.0 = Debug|Any CPU
		{AC72C7A5-5B19-4DB5-802B-3DE1BE3A680B}.Release|Any CPU.ActiveCfg = Release|Any CPU
		{AC72C7A5-5B19-4DB5-802B-3DE1BE3A680B}.Release|Any CPU.Build.0 = Release|Any CPU
	EndGlobalSection
	GlobalSection(SolutionProperties) = preSolution
		HideSolutionNode = FALSE
	EndGlobalSection
	GlobalSection(ExtensibilityGlobals) = postSolution
		SolutionGuid = {BAD122D8-8B0E-4F09-8D3D-389324B3B8BC}
	EndGlobalSection
EndGlobal
